{
  "name": "hplanner",
  "version": "0.1.0",
  "lockfileVersion": 1,
  "requires": true,
  "dependencies": {
    "leaflet": {
      "version": "1.4.0",
      "resolved": "https://registry.npmjs.org/leaflet/-/leaflet-1.4.0.tgz",
      "integrity": "sha512-x9j9tGY1+PDLN9pcWTx9/y6C5nezoTMB8BLK5jTakx+H7bPlnbCHfi9Hjg+Qt36sgDz/cb9lrSpNQXmk45Tvhw=="
    },
    "vue2-leaflet": {
      "version": "2.0.2",
      "resolved": "https://registry.npmjs.org/vue2-leaflet/-/vue2-leaflet-2.0.2.tgz",
      "integrity": "sha512-8KAU0mbUp5CDwb5NBlpEoyCO/x+Rv1KeA4599HJqpHeOrzY0+PBoUabM80riUUWJWGhRi3yhV4DJ8Kf1QHRelQ=="
    },
    "vuefire": {
      "version": "1.4.5",
      "resolved": "https://registry.npmjs.org/vuefire/-/vuefire-1.4.5.tgz",
      "integrity": "sha512-lYk0Yk7ExwGN8G/datDMKxNeLLxfkL/cCU/B5Dw5ggNabCPwKnUEv3OE3ShMwberDDN+9wzm8AEPiLvI9aG/9Q=="
    }
  }
}
